
Microsoft Visual Studio Solution File, Format Version 12.00
# Visual Studio 15
VisualStudioVersion = 15.0.28307.1062
MinimumVisualStudioVersion = 10.0.40219.1
Project("{8BC9CEB8-8B4A-11D0-8D11-00A0C91BC942}") = "GatesEngine", "GatesEngine\GatesEngine.vcxproj", "{D9DE7ACD-781C-42A1-AEF5-1FECF8F8A8C8}"
EndProject
Project("{8BC9CEB8-8B4A-11D0-8D11-00A0C91BC942}") = "ExeProject", "ExeProject\ExeProject.vcxproj", "{762F3A41-B369-4275-A1BE-627A9910F759}"
EndProject
Global
	GlobalSection(SolutionConfigurationPlatforms) = preSolution
		Debug|x64 = Debug|x64
		Debug|x86 = Debug|x86
		Release|x64 = Release|x64
		Release|x86 = Release|x86
	EndGlobalSection
	GlobalSection(ProjectConfigurationPlatforms) = postSolution
		{D9DE7ACD-781C-42A1-AEF5-1FECF8F8A8C8}.Debug|x64.ActiveCfg = Debug|x64
		{D9DE7ACD-781C-42A1-AEF5-1FECF8F8A8C8}.Debug|x64.Build.0 = Debug|x64
		{D9DE7ACD-781C-42A1-AEF5-1FECF8F8A8C8}.Debug|x86.ActiveCfg = Debug|Win32
		{D9DE7ACD-781C-42A1-AEF5-1FECF8F8A8C8}.Debug|x86.Build.0 = Debug|Win32
		{D9DE7ACD-781C-42A1-AEF5-1FECF8F8A8C8}.Release|x64.ActiveCfg = Release|x64
		{D9DE7ACD-781C-42A1-AEF5-1FECF8F8A8C8}.Release|x64.Build.0 = Release|x64
		{D9DE7ACD-781C-42A1-AEF5-1FECF8F8A8C8}.Release|x86.ActiveCfg = Release|Win32
		{D9DE7ACD-781C-42A1-AEF5-1FECF8F8A8C8}.Release|x86.Build.0 = Release|Win32
		{762F3A41-B369-4275-A1BE-627A9910F759}.Debug|x64.ActiveCfg = Debug|x64
		{762F3A41-B369-4275-A1BE-627A9910F759}.Debug|x64.Build.0 = Debug|x64
		{762F3A41-B369-4275-A1BE-627A9910F759}.Debug|x86.ActiveCfg = Debug|Win32
		{762F3A41-B369-4275-A1BE-627A9910F759}.Debug|x86.Build.0 = Debug|Win32
		{762F3A41-B369-4275-A1BE-627A9910F759}.Release|x64.ActiveCfg = Release|x64
		{762F3A41-B369-4275-A1BE-627A9910F759}.Release|x64.Build.0 = Release|x64
		{762F3A41-B369-4275-A1BE-627A9910F759}.Release|x86.ActiveCfg = Release|Win32
		{762F3A41-B369-4275-A1BE-627A9910F759}.Release|x86.Build.0 = Release|Win32
	EndGlobalSection
	GlobalSection(SolutionProperties) = preSolution
		HideSolutionNode = FALSE
	EndGlobalSection
	GlobalSection(ExtensibilityGlobals) = postSolution
		SolutionGuid = {5C2EC024-9B79-4624-9B80-952018F43A9D}
	EndGlobalSection
EndGlobal
